
Microsoft Visual Studio Solution File, Format Version 12.00
# Visual Studio Version 16
VisualStudioVersion = 16.0.30002.166
MinimumVisualStudioVersion = 10.0.40219.1
Project("{FAE04EC0-301F-11D3-BF4B-00C04F79EFBC}") = "TopBar", "TopBar\TopBar.csproj", "{0746022B-4A2F-452B-AEB0-555773D18A11}"
EndProject
Global
	GlobalSection(SolutionConfigurationPlatforms) = preSolution
		Debug|Any CPU = Debug|Any CPU
		Release|Any CPU = Release|Any CPU
	EndGlobalSection
	GlobalSection(ProjectConfigurationPlatforms) = postSolution
		{0746022B-4A2F-452B-AEB0-555773D18A11}.Debug|Any CPU.ActiveCfg = Debug|Any CPU
		{0746022B-4A2F-452B-AEB0-555773D18A11}.Debug|Any CPU.Build.0 = Debug|Any CPU
		{0746022B-4A2F-452B-AEB0-555773D18A11}.Release|Any CPU.ActiveCfg = Release|Any CPU
		{0746022B-4A2F-452B-AEB0-555773D18A11}.Release|Any CPU.Build.0 = Release|Any CPU
	EndGlobalSection
	GlobalSection(SolutionProperties) = preSolution
		HideSolutionNode = FALSE
	EndGlobalSection
	GlobalSection(ExtensibilityGlobals) = postSolution
		SolutionGuid = {F0FB25EF-C104-4C02-8DBA-75DC92D42752}
	EndGlobalSection
EndGlobal
